
Microsoft Visual Studio Solution File, Format Version 12.00
# Visual Studio 15
VisualStudioVersion = 15.0.26730.15
MinimumVisualStudioVersion = 10.0.40219.1
Project("{FAE04EC0-301F-11D3-BF4B-00C04F79EFBC}") = "LibraryAppCore.Domain", "LibraryAppCore.Domain\LibraryAppCore.Domain.csproj", "{538C53D0-74CE-47B6-9047-7CF3A19DCF34}"
EndProject
Project("{FAE04EC0-301F-11D3-BF4B-00C04F79EFBC}") = "LibraryAppCore.WebUI", "LibraryAppCore.WebUI\LibraryAppCore.WebUI.csproj", "{6AE9F641-AA35-4D77-ADBF-CA54579D6BEA}"
EndProject
Global
	GlobalSection(SolutionConfigurationPlatforms) = preSolution
		Debug|Any CPU = Debug|Any CPU
		Release|Any CPU = Release|Any CPU
	EndGlobalSection
	GlobalSection(ProjectConfigurationPlatforms) = postSolution
		{538C53D0-74CE-47B6-9047-7CF3A19DCF34}.Debug|Any CPU.ActiveCfg = Debug|Any CPU
		{538C53D0-74CE-47B6-9047-7CF3A19DCF34}.Debug|Any CPU.Build.0 = Debug|Any CPU
		{538C53D0-74CE-47B6-9047-7CF3A19DCF34}.Release|Any CPU.ActiveCfg = Release|Any CPU
		{538C53D0-74CE-47B6-9047-7CF3A19DCF34}.Release|Any CPU.Build.0 = Release|Any CPU
		{6AE9F641-AA35-4D77-ADBF-CA54579D6BEA}.Debug|Any CPU.ActiveCfg = Debug|Any CPU
		{6AE9F641-AA35-4D77-ADBF-CA54579D6BEA}.Debug|Any CPU.Build.0 = Debug|Any CPU
		{6AE9F641-AA35-4D77-ADBF-CA54579D6BEA}.Release|Any CPU.ActiveCfg = Release|Any CPU
		{6AE9F641-AA35-4D77-ADBF-CA54579D6BEA}.Release|Any CPU.Build.0 = Release|Any CPU
	EndGlobalSection
	GlobalSection(SolutionProperties) = preSolution
		HideSolutionNode = FALSE
	EndGlobalSection
	GlobalSection(ExtensibilityGlobals) = postSolution
		SolutionGuid = {F067C9D9-AF5D-4360-9A0D-E10976D3CBF4}
	EndGlobalSection
EndGlobal
